
Microsoft Visual Studio Solution File, Format Version 12.00
# Visual Studio 15
VisualStudioVersion = 15.0.28307.106
MinimumVisualStudioVersion = 10.0.40219.1
Project("{888888A0-9F3D-457C-B088-3A5042F75D52}") = "公众号文章爬虫", "公众号文章爬虫\公众号文章爬虫.pyproj", "{A6BCB692-7668-4F8E-92F8-847B425AB411}"
EndProject
Global
	GlobalSection(SolutionConfigurationPlatforms) = preSolution
		Debug|Any CPU = Debug|Any CPU
		Release|Any CPU = Release|Any CPU
	EndGlobalSection
	GlobalSection(ProjectConfigurationPlatforms) = postSolution
		{A6BCB692-7668-4F8E-92F8-847B425AB411}.Debug|Any CPU.ActiveCfg = Debug|Any CPU
		{A6BCB692-7668-4F8E-92F8-847B425AB411}.Release|Any CPU.ActiveCfg = Release|Any CPU
	EndGlobalSection
	GlobalSection(SolutionProperties) = preSolution
		HideSolutionNode = FALSE
	EndGlobalSection
	GlobalSection(ExtensibilityGlobals) = postSolution
		SolutionGuid = {43558F09-4D5D-46F4-BAA1-630BD911089B}
	EndGlobalSection
EndGlobal
